// !$*UTF8*$!
{
	archiveVersion = 1;
	classes = {
	};
	objectVersion = 50;
	objects = {

/* Begin PBXBuildFile section */
		395D44D3258CB38D00A77E23 /* AppDelegate.swift in Sources */ = {isa = PBXBuildFile; fileRef = 395D44D2258CB38D00A77E23 /* AppDelegate.swift */; };
		395D44D5258CB38D00A77E23 /* SceneDelegate.swift in Sources */ = {isa = PBXBuildFile; fileRef = 395D44D4258CB38D00A77E23 /* SceneDelegate.swift */; };
		395D44D7258CB38D00A77E23 /* ViewController.swift in Sources */ = {isa = PBXBuildFile; fileRef = 395D44D6258CB38D00A77E23 /* ViewController.swift */; };
		395D44DA258CB38D00A77E23 /* Main.storyboard in Resources */ = {isa = PBXBuildFile; fileRef = 395D44D8258CB38D00A77E23 /* Main.storyboard */; };
		395D44DC258CB38E00A77E23 /* Assets.xcassets in Resources */ = {isa = PBXBuildFile; fileRef = 395D44DB258CB38E00A77E23 /* Assets.xcassets */; };
		395D44DF258CB38E00A77E23 /* LaunchScreen.storyboard in Resources */ = {isa = PBXBuildFile; fileRef = 395D44DD258CB38E00A77E23 /* LaunchScreen.storyboard */; };
		395D44EA258CB38E00A77E23 /* Dear_WorldTests.swift in Sources */ = {isa = PBXBuildFile; fileRef = 395D44E9258CB38E00A77E23 /* Dear_WorldTests.swift */; };
		395D44F5258CB38E00A77E23 /* Dear_WorldUITests.swift in Sources */ = {isa = PBXBuildFile; fileRef = 395D44F4258CB38E00A77E23 /* Dear_WorldUITests.swift */; };
/* End PBXBuildFile section */

/* Begin PBXContainerItemProxy section */
		395D44E6258CB38E00A77E23 /* PBXContainerItemProxy */ = {
			isa = PBXContainerItemProxy;
			containerPortal = 395D44C7258CB38D00A77E23 /* Project object */;
			proxyType = 1;
			remoteGlobalIDString = 395D44CE258CB38D00A77E23;
			remoteInfo = "Dear,World";
		};
		395D44F1258CB38E00A77E23 /* PBXContainerItemProxy */ = {
			isa = PBXContainerItemProxy;
			containerPortal = 395D44C7258CB38D00A77E23 /* Project object */;
			proxyType = 1;
			remoteGlobalIDString = 395D44CE258CB38D00A77E23;
			remoteInfo = "Dear,World";
		};
/* End PBXContainerItemProxy section */

/* Begin PBXFileReference section */
		395D44CF258CB38D00A77E23 /* Dear,World.app */ = {isa = PBXFileReference; explicitFileType = wrapper.application; includeInIndex = 0; path = "Dear,World.app"; sourceTree = BUILT_PRODUCTS_DIR; };
		395D44D2258CB38D00A77E23 /* AppDelegate.swift */ = {isa = PBXFileReference; lastKnownFileType = sourcecode.swift; path = AppDelegate.swift; sourceTree = "<group>"; };
		395D44D4258CB38D00A77E23 /* SceneDelegate.swift */ = {isa = PBXFileReference; lastKnownFileType = sourcecode.swift; path = SceneDelegate.swift; sourceTree = "<group>"; };
		395D44D6258CB38D00A77E23 /* ViewController.swift */ = {isa = PBXFileReference; lastKnownFileType = sourcecode.swift; path = ViewController.swift; sourceTree = "<group>"; };
		395D44D9258CB38D00A77E23 /* Base */ = {isa = PBXFileReference; lastKnownFileType = file.storyboard; name = Base; path = Base.lproj/Main.storyboard; sourceTree = "<group>"; };
		395D44DB258CB38E00A77E23 /* Assets.xcassets */ = {isa = PBXFileReference; lastKnownFileType = folder.assetcatalog; path = Assets.xcassets; sourceTree = "<group>"; };
		395D44DE258CB38E00A77E23 /* Base */ = {isa = PBXFileReference; lastKnownFileType = file.storyboard; name = Base; path = Base.lproj/LaunchScreen.storyboard; sourceTree = "<group>"; };
		395D44E0258CB38E00A77E23 /* Info.plist */ = {isa = PBXFileReference; lastKnownFileType = text.plist.xml; path = Info.plist; sourceTree = "<group>"; };
		395D44E5258CB38E00A77E23 /* Dear,WorldTests.xctest */ = {isa = PBXFileReference; explicitFileType = wrapper.cfbundle; includeInIndex = 0; path = "Dear,WorldTests.xctest"; sourceTree = BUILT_PRODUCTS_DIR; };
		395D44E9258CB38E00A77E23 /* Dear_WorldTests.swift */ = {isa = PBXFileReference; lastKnownFileType = sourcecode.swift; path = Dear_WorldTests.swift; sourceTree = "<group>"; };
		395D44EB258CB38E00A77E23 /* Info.plist */ = {isa = PBXFileReference; lastKnownFileType = text.plist.xml; path = Info.plist; sourceTree = "<group>"; };
		395D44F0258CB38E00A77E23 /* Dear,WorldUITests.xctest */ = {isa = PBXFileReference; explicitFileType = wrapper.cfbundle; includeInIndex = 0; path = "Dear,WorldUITests.xctest"; sourceTree = BUILT_PRODUCTS_DIR; };
		395D44F4258CB38E00A77E23 /* Dear_WorldUITests.swift */ = {isa = PBXFileReference; lastKnownFileType = sourcecode.swift; path = Dear_WorldUITests.swift; sourceTree = "<group>"; };
		395D44F6258CB38E00A77E23 /* Info.plist */ = {isa = PBXFileReference; lastKnownFileType = text.plist.xml; path = Info.plist; sourceTree = "<group>"; };
/* End PBXFileReference section */

/* Begin PBXFrameworksBuildPhase section */
		395D44CC258CB38D00A77E23 /* Frameworks */ = {
			isa = PBXFrameworksBuildPhase;
			buildActionMask = 2147483647;
			files = (
			);
			runOnlyForDeploymentPostprocessing = 0;
		};
		395D44E2258CB38E00A77E23 /* Frameworks */ = {
			isa = PBXFrameworksBuildPhase;
			buildActionMask = 2147483647;
			files = (
			);
			runOnlyForDeploymentPostprocessing = 0;
		};
		395D44ED258CB38E00A77E23 /* Frameworks */ = {
			isa = PBXFrameworksBuildPhase;
			buildActionMask = 2147483647;
			files = (
			);
			runOnlyForDeploymentPostprocessing = 0;
		};
/* End PBXFrameworksBuildPhase section */

/* Begin PBXGroup section */
		395D44C6258CB38D00A77E23 = {
			isa = PBXGroup;
			children = (
				395D44D1258CB38D00A77E23 /* Dear,World */,
				395D44E8258CB38E00A77E23 /* Dear,WorldTests */,
				395D44F3258CB38E00A77E23 /* Dear,WorldUITests */,
				395D44D0258CB38D00A77E23 /* Products */,
			);
			sourceTree = "<group>";
		};
		395D44D0258CB38D00A77E23 /* Products */ = {
			isa = PBXGroup;
			children = (
				395D44CF258CB38D00A77E23 /* Dear,World.app */,
				395D44E5258CB38E00A77E23 /* Dear,WorldTests.xctest */,
				395D44F0258CB38E00A77E23 /* Dear,WorldUITests.xctest */,
			);
			name = Products;
			sourceTree = "<group>";
		};
		395D44D1258CB38D00A77E23 /* Dear,World */ = {
			isa = PBXGroup;
			children = (
				395D44D2258CB38D00A77E23 /* AppDelegate.swift */,
				395D44D4258CB38D00A77E23 /* SceneDelegate.swift */,
				395D44D6258CB38D00A77E23 /* ViewController.swift */,
				395D44D8258CB38D00A77E23 /* Main.storyboard */,
				395D44DB258CB38E00A77E23 /* Assets.xcassets */,
				395D44DD258CB38E00A77E23 /* LaunchScreen.storyboard */,
				395D44E0258CB38E00A77E23 /* Info.plist */,
			);
			path = "Dear,World";
			sourceTree = "<group>";
		};
		395D44E8258CB38E00A77E23 /* Dear,WorldTests */ = {
			isa = PBXGroup;
			children = (
				395D44E9258CB38E00A77E23 /* Dear_WorldTests.swift */,
				395D44EB258CB38E00A77E23 /* Info.plist */,
			);
			path = "Dear,WorldTests";
			sourceTree = "<group>";
		};
		395D44F3258CB38E00A77E23 /* Dear,WorldUITests */ = {
			isa = PBXGroup;
			children = (
				395D44F4258CB38E00A77E23 /* Dear_WorldUITests.swift */,
				395D44F6258CB38E00A77E23 /* Info.plist */,
			);
			path = "Dear,WorldUITests";
			sourceTree = "<group>";
		};
/* End PBXGroup section */

/* Begin PBXNativeTarget section */
		395D44CE258CB38D00A77E23 /* Dear,World */ = {
			isa = PBXNativeTarget;
			buildConfigurationList = 395D44F9258CB38E00A77E23 /* Build configuration list for PBXNativeTarget "Dear,World" */;
			buildPhases = (
				395D44CB258CB38D00A77E23 /* Sources */,
				395D44CC258CB38D00A77E23 /* Frameworks */,
				395D44CD258CB38D00A77E23 /* Resources */,
			);
			buildRules = (
			);
			dependencies = (
			);
			name = "Dear,World";
			productName = "Dear,World";
			productReference = 395D44CF258CB38D00A77E23 /* Dear,World.app */;
			productType = "com.apple.product-type.application";
		};
		395D44E4258CB38E00A77E23 /* Dear,WorldTests */ = {
			isa = PBXNativeTarget;
			buildConfigurationList = 395D44FC258CB38E00A77E23 /* Build configuration list for PBXNativeTarget "Dear,WorldTests" */;
			buildPhases = (
				395D44E1258CB38E00A77E23 /* Sources */,
				395D44E2258CB38E00A77E23 /* Frameworks */,
				395D44E3258CB38E00A77E23 /* Resources */,
			);
			buildRules = (
			);
			dependencies = (
				395D44E7258CB38E00A77E23 /* PBXTargetDependency */,
			);
			name = "Dear,WorldTests";
			productName = "Dear,WorldTests";
			productReference = 395D44E5258CB38E00A77E23 /* Dear,WorldTests.xctest */;
			productType = "com.apple.product-type.bundle.unit-test";
		};
		395D44EF258CB38E00A77E23 /* Dear,WorldUITests */ = {
			isa = PBXNativeTarget;
			buildConfigurationList = 395D44FF258CB38E00A77E23 /* Build configuration list for PBXNativeTarget "Dear,WorldUITests" */;
			buildPhases = (
				395D44EC258CB38E00A77E23 /* Sources */,
				395D44ED258CB38E00A77E23 /* Frameworks */,
				395D44EE258CB38E00A77E23 /* Resources */,
			);
			buildRules = (
			);
			dependencies = (
				395D44F2258CB38E00A77E23 /* PBXTargetDependency */,
			);
			name = "Dear,WorldUITests";
			productName = "Dear,WorldUITests";
			productReference = 395D44F0258CB38E00A77E23 /* Dear,WorldUITests.xctest */;
			productType = "com.apple.product-type.bundle.ui-testing";
		};
/* End PBXNativeTarget section */

/* Begin PBXProject section */
		395D44C7258CB38D00A77E23 /* Project object */ = {
			isa = PBXProject;
			attributes = {
				LastSwiftUpdateCheck = 1230;
				LastUpgradeCheck = 1230;
				TargetAttributes = {
					395D44CE258CB38D00A77E23 = {
						CreatedOnToolsVersion = 12.3;
					};
					395D44E4258CB38E00A77E23 = {
						CreatedOnToolsVersion = 12.3;
						TestTargetID = 395D44CE258CB38D00A77E23;
					};
					395D44EF258CB38E00A77E23 = {
						CreatedOnToolsVersion = 12.3;
						TestTargetID = 395D44CE258CB38D00A77E23;
					};
				};
			};
			buildConfigurationList = 395D44CA258CB38D00A77E23 /* Build configuration list for PBXProject "Dear,World" */;
			compatibilityVersion = "Xcode 9.3";
			developmentRegion = en;
			hasScannedForEncodings = 0;
			knownRegions = (
				en,
				Base,
			);
			mainGroup = 395D44C6258CB38D00A77E23;
			productRefGroup = 395D44D0258CB38D00A77E23 /* Products */;
			projectDirPath = "";
			projectRoot = "";
			targets = (
				395D44CE258CB38D00A77E23 /* Dear,World */,
				395D44E4258CB38E00A77E23 /* Dear,WorldTests */,
				395D44EF258CB38E00A77E23 /* Dear,WorldUITests */,
			);
		};
/* End PBXProject section */

/* Begin PBXResourcesBuildPhase section */
		395D44CD258CB38D00A77E23 /* Resources */ = {
			isa = PBXResourcesBuildPhase;
			buildActionMask = 2147483647;
			files = (
				395D44DF258CB38E00A77E23 /* LaunchScreen.storyboard in Resources */,
				395D44DC258CB38E00A77E23 /* Assets.xcassets in Resources */,
				395D44DA258CB38D00A77E23 /* Main.storyboard in Resources */,
			);
			runOnlyForDeploymentPostprocessing = 0;
		};
		395D44E3258CB38E00A77E23 /* Resources */ = {
			isa = PBXResourcesBuildPhase;
			buildActionMask = 2147483647;
			files = (
			);
			runOnlyForDeploymentPostprocessing = 0;
		};
		395D44EE258CB38E00A77E23 /* Resources */ = {
			isa = PBXResourcesBuildPhase;
			buildActionMask = 2147483647;
			files = (
			);
			runOnlyForDeploymentPostprocessing = 0;
		};
/* End PBXResourcesBuildPhase section */

/* Begin PBXSourcesBuildPhase section */
		395D44CB258CB38D00A77E23 /* Sources */ = {
			isa = PBXSourcesBuildPhase;
			buildActionMask = 2147483647;
			files = (
				395D44D7258CB38D00A77E23 /* ViewController.swift in Sources */,
				395D44D3258CB38D00A77E23 /* AppDelegate.swift in Sources */,
				395D44D5258CB38D00A77E23 /* SceneDelegate.swift in Sources */,
			);
			runOnlyForDeploymentPostprocessing = 0;
		};
		395D44E1258CB38E00A77E23 /* Sources */ = {
			isa = PBXSourcesBuildPhase;
			buildActionMask = 2147483647;
			files = (
				395D44EA258CB38E00A77E23 /* Dear_WorldTests.swift in Sources */,
			);
			runOnlyForDeploymentPostprocessing = 0;
		};
		395D44EC258CB38E00A77E23 /* Sources */ = {
			isa = PBXSourcesBuildPhase;
			buildActionMask = 2147483647;
			files = (
				395D44F5258CB38E00A77E23 /* Dear_WorldUITests.swift in Sources */,
			);
			runOnlyForDeploymentPostprocessing = 0;
		};
/* End PBXSourcesBuildPhase section */

/* Begin PBXTargetDependency section */
		395D44E7258CB38E00A77E23 /* PBXTargetDependency */ = {
			isa = PBXTargetDependency;
			target = 395D44CE258CB38D00A77E23 /* Dear,World */;
			targetProxy = 395D44E6258CB38E00A77E23 /* PBXContainerItemProxy */;
		};
		395D44F2258CB38E00A77E23 /* PBXTargetDependency */ = {
			isa = PBXTargetDependency;
			target = 395D44CE258CB38D00A77E23 /* Dear,World */;
			targetProxy = 395D44F1258CB38E00A77E23 /* PBXContainerItemProxy */;
		};
/* End PBXTargetDependency section */

/* Begin PBXVariantGroup section */
		395D44D8258CB38D00A77E23 /* Main.storyboard */ = {
			isa = PBXVariantGroup;
			children = (
				395D44D9258CB38D00A77E23 /* Base */,
			);
			name = Main.storyboard;
			sourceTree = "<group>";
		};
		395D44DD258CB38E00A77E23 /* LaunchScreen.storyboard */ = {
			isa = PBXVariantGroup;
			children = (
				395D44DE258CB38E00A77E23 /* Base */,
			);
			name = LaunchScreen.storyboard;
			sourceTree = "<group>";
		};
/* End PBXVariantGroup section */

/* Begin XCBuildConfiguration section */
		395D44F7258CB38E00A77E23 /* Debug */ = {
			isa = XCBuildConfiguration;
			buildSettings = {
				ALWAYS_SEARCH_USER_PATHS = NO;
				CLANG_ANALYZER_NONNULL = YES;
				CLANG_ANALYZER_NUMBER_OBJECT_CONVERSION = YES_AGGRESSIVE;
				CLANG_CXX_LANGUAGE_STANDARD = "gnu++14";
				CLANG_CXX_LIBRARY = "libc++";
				CLANG_ENABLE_MODULES = YES;
				CLANG_ENABLE_OBJC_ARC = YES;
				CLANG_ENABLE_OBJC_WEAK = YES;
				CLANG_WARN_BLOCK_CAPTURE_AUTORELEASING = YES;
				CLANG_WARN_BOOL_CONVERSION = YES;
				CLANG_WARN_COMMA = YES;
				CLANG_WARN_CONSTANT_CONVERSION = YES;
				CLANG_WARN_DEPRECATED_OBJC_IMPLEMENTATIONS = YES;
				CLANG_WARN_DIRECT_OBJC_ISA_USAGE = YES_ERROR;
				CLANG_WARN_DOCUMENTATION_COMMENTS = YES;
				CLANG_WARN_EMPTY_BODY = YES;
				CLANG_WARN_ENUM_CONVERSION = YES;
				CLANG_WARN_INFINITE_RECURSION = YES;
				CLANG_WARN_INT_CONVERSION = YES;
				CLANG_WARN_NON_LITERAL_NULL_CONVERSION = YES;
				CLANG_WARN_OBJC_IMPLICIT_RETAIN_SELF = YES;
				CLANG_WARN_OBJC_LITERAL_CONVERSION = YES;
				CLANG_WARN_OBJC_ROOT_CLASS = YES_ERROR;
				CLANG_WARN_QUOTED_INCLUDE_IN_FRAMEWORK_HEADER = YES;
				CLANG_WARN_RANGE_LOOP_ANALYSIS = YES;
				CLANG_WARN_STRICT_PROTOTYPES = YES;
				CLANG_WARN_SUSPICIOUS_MOVE = YES;
				CLANG_WARN_UNGUARDED_AVAILABILITY = YES_AGGRESSIVE;
				CLANG_WARN_UNREACHABLE_CODE = YES;
				CLANG_WARN__DUPLICATE_METHOD_MATCH = YES;
				COPY_PHASE_STRIP = NO;
				DEBUG_INFORMATION_FORMAT = dwarf;
				ENABLE_STRICT_OBJC_MSGSEND = YES;
				ENABLE_TESTABILITY = YES;
				GCC_C_LANGUAGE_STANDARD = gnu11;
				GCC_DYNAMIC_NO_PIC = NO;
				GCC_NO_COMMON_BLOCKS = YES;
				GCC_OPTIMIZATION_LEVEL = 0;
				GCC_PREPROCESSOR_DEFINITIONS = (
					"DEBUG=1",
					"$(inherited)",
				);
				GCC_WARN_64_TO_32_BIT_CONVERSION = YES;
				GCC_WARN_ABOUT_RETURN_TYPE = YES_ERROR;
				GCC_WARN_UNDECLARED_SELECTOR = YES;
				GCC_WARN_UNINITIALIZED_AUTOS = YES_AGGRESSIVE;
				GCC_WARN_UNUSED_FUNCTION = YES;
				GCC_WARN_UNUSED_VARIABLE = YES;
				IPHONEOS_DEPLOYMENT_TARGET = 14.3;
				MTL_ENABLE_DEBUG_INFO = INCLUDE_SOURCE;
				MTL_FAST_MATH = YES;
				ONLY_ACTIVE_ARCH = YES;
				SDKROOT = iphoneos;
				SWIFT_ACTIVE_COMPILATION_CONDITIONS = DEBUG;
				SWIFT_OPTIMIZATION_LEVEL = "-Onone";
			};
			name = Debug;
		};
		395D44F8258CB38E00A77E23 /* Release */ = {
			isa = XCBuildConfiguration;
			buildSettings = {
				ALWAYS_SEARCH_USER_PATHS = NO;
				CLANG_ANALYZER_NONNULL = YES;
				CLANG_ANALYZER_NUMBER_OBJECT_CONVERSION = YES_AGGRESSIVE;
				CLANG_CXX_LANGUAGE_STANDARD = "gnu++14";
				CLANG_CXX_LIBRARY = "libc++";
				CLANG_ENABLE_MODULES = YES;
				CLANG_ENABLE_OBJC_ARC = YES;
				CLANG_ENABLE_OBJC_WEAK = YES;
				CLANG_WARN_BLOCK_CAPTURE_AUTORELEASING = YES;
				CLANG_WARN_BOOL_CONVERSION = YES;
				CLANG_WARN_COMMA = YES;
				CLANG_WARN_CONSTANT_CONVERSION = YES;
				CLANG_WARN_DEPRECATED_OBJC_IMPLEMENTATIONS = YES;
				CLANG_WARN_DIRECT_OBJC_ISA_USAGE = YES_ERROR;
				CLANG_WARN_DOCUMENTATION_COMMENTS = YES;
				CLANG_WARN_EMPTY_BODY = YES;
				CLANG_WARN_ENUM_CONVERSION = YES;
				CLANG_WARN_INFINITE_RECURSION = YES;
				CLANG_WARN_INT_CONVERSION = YES;
				CLANG_WARN_NON_LITERAL_NULL_CONVERSION = YES;
				CLANG_WARN_OBJC_IMPLICIT_RETAIN_SELF = YES;
				CLANG_WARN_OBJC_LITERAL_CONVERSION = YES;
				CLANG_WARN_OBJC_ROOT_CLASS = YES_ERROR;
				CLANG_WARN_QUOTED_INCLUDE_IN_FRAMEWORK_HEADER = YES;
				CLANG_WARN_RANGE_LOOP_ANALYSIS = YES;
				CLANG_WARN_STRICT_PROTOTYPES = YES;
				CLANG_WARN_SUSPICIOUS_MOVE = YES;
				CLANG_WARN_UNGUARDED_AVAILABILITY = YES_AGGRESSIVE;
				CLANG_WARN_UNREACHABLE_CODE = YES;
				CLANG_WARN__DUPLICATE_METHOD_MATCH = YES;
				COPY_PHASE_STRIP = NO;
				DEBUG_INFORMATION_FORMAT = "dwarf-with-dsym";
				ENABLE_NS_ASSERTIONS = NO;
				ENABLE_STRICT_OBJC_MSGSEND = YES;
				GCC_C_LANGUAGE_STANDARD = gnu11;
				GCC_NO_COMMON_BLOCKS = YES;
				GCC_WARN_64_TO_32_BIT_CONVERSION = YES;
				GCC_WARN_ABOUT_RETURN_TYPE = YES_ERROR;
				GCC_WARN_UNDECLARED_SELECTOR = YES;
				GCC_WARN_UNINITIALIZED_AUTOS = YES_AGGRESSIVE;
				GCC_WARN_UNUSED_FUNCTION = YES;
				GCC_WARN_UNUSED_VARIABLE = YES;
				IPHONEOS_DEPLOYMENT_TARGET = 14.3;
				MTL_ENABLE_DEBUG_INFO = NO;
				MTL_FAST_MATH = YES;
				SDKROOT = iphoneos;
				SWIFT_COMPILATION_MODE = wholemodule;
				SWIFT_OPTIMIZATION_LEVEL = "-O";
				VALIDATE_PRODUCT = YES;
			};
			name = Release;
		};
		395D44FA258CB38E00A77E23 /* Debug */ = {
			isa = XCBuildConfiguration;
			buildSettings = {
				ASSETCATALOG_COMPILER_APPICON_NAME = AppIcon;
				ASSETCATALOG_COMPILER_GLOBAL_ACCENT_COLOR_NAME = AccentColor;
				CODE_SIGN_STYLE = Automatic;
				DEVELOPMENT_TEAM = 8BQHKQSA4Y;
				INFOPLIST_FILE = "Dear,World/Info.plist";
				LD_RUNPATH_SEARCH_PATHS = (
					"$(inherited)",
					"@executable_path/Frameworks",
				);
				PRODUCT_BUNDLE_IDENTIFIER = "developer.o.o.wl.Dear-World";
				PRODUCT_NAME = "$(TARGET_NAME)";
				SWIFT_VERSION = 5.0;
				TARGETED_DEVICE_FAMILY = "1,2";
			};
			name = Debug;
		};
		395D44FB258CB38E00A77E23 /* Release */ = {
			isa = XCBuildConfiguration;
			buildSettings = {
				ASSETCATALOG_COMPILER_APPICON_NAME = AppIcon;
				ASSETCATALOG_COMPILER_GLOBAL_ACCENT_COLOR_NAME = AccentColor;
				CODE_SIGN_STYLE = Automatic;
				DEVELOPMENT_TEAM = 8BQHKQSA4Y;
				INFOPLIST_FILE = "Dear,World/Info.plist";
				LD_RUNPATH_SEARCH_PATHS = (
					"$(inherited)",
					"@executable_path/Frameworks",
				);
				PRODUCT_BUNDLE_IDENTIFIER = "developer.o.o.wl.Dear-World";
				PRODUCT_NAME = "$(TARGET_NAME)";
				SWIFT_VERSION = 5.0;
				TARGETED_DEVICE_FAMILY = "1,2";
			};
			name = Release;
		};
		395D44FD258CB38E00A77E23 /* Debug */ = {
			isa = XCBuildConfiguration;
			buildSettings = {
				ALWAYS_EMBED_SWIFT_STANDARD_LIBRARIES = YES;
				BUNDLE_LOADER = "$(TEST_HOST)";
				CODE_SIGN_STYLE = Automatic;
				DEVELOPMENT_TEAM = 8BQHKQSA4Y;
				INFOPLIST_FILE = "Dear,WorldTests/Info.plist";
				IPHONEOS_DEPLOYMENT_TARGET = 14.3;
				LD_RUNPATH_SEARCH_PATHS = (
					"$(inherited)",
					"@executable_path/Frameworks",
					"@loader_path/Frameworks",
				);
				PRODUCT_BUNDLE_IDENTIFIER = "developer.o.o.wl.Dear-WorldTests";
				PRODUCT_NAME = "$(TARGET_NAME)";
				SWIFT_VERSION = 5.0;
				TARGETED_DEVICE_FAMILY = "1,2";
				TEST_HOST = "$(BUILT_PRODUCTS_DIR)/Dear,World.app/Dear,World";
			};
			name = Debug;
		};
		395D44FE258CB38E00A77E23 /* Release */ = {
			isa = XCBuildConfiguration;
			buildSettings = {
				ALWAYS_EMBED_SWIFT_STANDARD_LIBRARIES = YES;
				BUNDLE_LOADER = "$(TEST_HOST)";
				CODE_SIGN_STYLE = Automatic;
				DEVELOPMENT_TEAM = 8BQHKQSA4Y;
				INFOPLIST_FILE = "Dear,WorldTests/Info.plist";
				IPHONEOS_DEPLOYMENT_TARGET = 14.3;
				LD_RUNPATH_SEARCH_PATHS = (
					"$(inherited)",
					"@executable_path/Frameworks",
					"@loader_path/Frameworks",
				);
				PRODUCT_BUNDLE_IDENTIFIER = "developer.o.o.wl.Dear-WorldTests";
				PRODUCT_NAME = "$(TARGET_NAME)";
				SWIFT_VERSION = 5.0;
				TARGETED_DEVICE_FAMILY = "1,2";
				TEST_HOST = "$(BUILT_PRODUCTS_DIR)/Dear,World.app/Dear,World";
			};
			name = Release;
		};
		395D4500258CB38E00A77E23 /* Debug */ = {
			isa = XCBuildConfiguration;
			buildSettings = {
				ALWAYS_EMBED_SWIFT_STANDARD_LIBRARIES = YES;
				CODE_SIGN_STYLE = Automatic;
				DEVELOPMENT_TEAM = 8BQHKQSA4Y;
				INFOPLIST_FILE = "Dear,WorldUITests/Info.plist";
				LD_RUNPATH_SEARCH_PATHS = (
					"$(inherited)",
					"@executable_path/Frameworks",
					"@loader_path/Frameworks",
				);
				PRODUCT_BUNDLE_IDENTIFIER = "developer.o.o.wl.Dear-WorldUITests";
				PRODUCT_NAME = "$(TARGET_NAME)";
				SWIFT_VERSION = 5.0;
				TARGETED_DEVICE_FAMILY = "1,2";
				TEST_TARGET_NAME = "Dear,World";
			};
			name = Debug;
		};
		395D4501258CB38E00A77E23 /* Release */ = {
			isa = XCBuildConfiguration;
			buildSettings = {
				ALWAYS_EMBED_SWIFT_STANDARD_LIBRARIES = YES;
				CODE_SIGN_STYLE = Automatic;
				DEVELOPMENT_TEAM = 8BQHKQSA4Y;
				INFOPLIST_FILE = "Dear,WorldUITests/Info.plist";
				LD_RUNPATH_SEARCH_PATHS = (
					"$(inherited)",
					"@executable_path/Frameworks",
					"@loader_path/Frameworks",
				);
				PRODUCT_BUNDLE_IDENTIFIER = "developer.o.o.wl.Dear-WorldUITests";
				PRODUCT_NAME = "$(TARGET_NAME)";
				SWIFT_VERSION = 5.0;
				TARGETED_DEVICE_FAMILY = "1,2";
				TEST_TARGET_NAME = "Dear,World";
			};
			name = Release;
		};
/* End XCBuildConfiguration section */

/* Begin XCConfigurationList section */
		395D44CA258CB38D00A77E23 /* Build configuration list for PBXProject "Dear,World" */ = {
			isa = XCConfigurationList;
			buildConfigurations = (
				395D44F7258CB38E00A77E23 /* Debug */,
				395D44F8258CB38E00A77E23 /* Release */,
			);
			defaultConfigurationIsVisible = 0;
			defaultConfigurationName = Release;
		};
		395D44F9258CB38E00A77E23 /* Build configuration list for PBXNativeTarget "Dear,World" */ = {
			isa = XCConfigurationList;
			buildConfigurations = (
				395D44FA258CB38E00A77E23 /* Debug */,
				395D44FB258CB38E00A77E23 /* Release */,
			);
			defaultConfigurationIsVisible = 0;
			defaultConfigurationName = Release;
		};
		395D44FC258CB38E00A77E23 /* Build configuration list for PBXNativeTarget "Dear,WorldTests" */ = {
			isa = XCConfigurationList;
			buildConfigurations = (
				395D44FD258CB38E00A77E23 /* Debug */,
				395D44FE258CB38E00A77E23 /* Release */,
			);
			defaultConfigurationIsVisible = 0;
			defaultConfigurationName = Release;
		};
		395D44FF258CB38E00A77E23 /* Build configuration list for PBXNativeTarget "Dear,WorldUITests" */ = {
			isa = XCConfigurationList;
			buildConfigurations = (
				395D4500258CB38E00A77E23 /* Debug */,
				395D4501258CB38E00A77E23 /* Release */,
			);
			defaultConfigurationIsVisible = 0;
			defaultConfigurationName = Release;
		};
/* End XCConfigurationList section */
	};
	rootObject = 395D44C7258CB38D00A77E23 /* Project object */;
}
