// !$*UTF8*$!
{
	archiveVersion = 1;
	classes = {
	};
	objectVersion = 52;
	objects = {

/* Begin PBXBuildFile section */
		121BDB2A2597259E0062B15A /* MessageCountBadgeView.swift in Sources */ = {isa = PBXBuildFile; fileRef = 121BDB292597259E0062B15A /* MessageCountBadgeView.swift */; };
		121BDB44259735200062B15A /* UIColor+.swift in Sources */ = {isa = PBXBuildFile; fileRef = 121BDB43259735200062B15A /* UIColor+.swift */; };
		121BDB592597652A0062B15A /* MessageTableViewCell.swift in Sources */ = {isa = PBXBuildFile; fileRef = 121BDB582597652A0062B15A /* MessageTableViewCell.swift */; };
		121BDB672597982F0062B15A /* DiscoverReactor.swift in Sources */ = {isa = PBXBuildFile; fileRef = 121BDB662597982F0062B15A /* DiscoverReactor.swift */; };
		121BDB6C2597A49B0062B15A /* MessageMock.swift in Sources */ = {isa = PBXBuildFile; fileRef = 121BDB6B2597A49B0062B15A /* MessageMock.swift */; };
		121BDB712597A5D60062B15A /* APIMock.swift in Sources */ = {isa = PBXBuildFile; fileRef = 121BDB702597A5D60062B15A /* APIMock.swift */; };
		121BDB8E259829840062B15A /* CountrySelectController.swift in Sources */ = {isa = PBXBuildFile; fileRef = 121BDB8D259829840062B15A /* CountrySelectController.swift */; };
		128313E32598A08700BDF8A3 /* Message.swift in Sources */ = {isa = PBXBuildFile; fileRef = 128313E22598A08700BDF8A3 /* Message.swift */; };
		128313EE2598A14E00BDF8A3 /* List.swift in Sources */ = {isa = PBXBuildFile; fileRef = 128313ED2598A14E00BDF8A3 /* List.swift */; };
		3902F1052596F26D00A3DF8C /* CheeringMapViewController.swift in Sources */ = {isa = PBXBuildFile; fileRef = 3902F1042596F26D00A3DF8C /* CheeringMapViewController.swift */; };
		3902F1132597049D00A3DF8C /* SendMessageViewController.swift in Sources */ = {isa = PBXBuildFile; fileRef = 3902F1122597049D00A3DF8C /* SendMessageViewController.swift */; };
		3902F118259704AF00A3DF8C /* AboutViewController.swift in Sources */ = {isa = PBXBuildFile; fileRef = 3902F117259704AF00A3DF8C /* AboutViewController.swift */; };
		3902F12425970E5600A3DF8C /* Int+.swift in Sources */ = {isa = PBXBuildFile; fileRef = 3902F12325970E5600A3DF8C /* Int+.swift */; };
		3902F12A259714D800A3DF8C /* CountryTableViewCell.swift in Sources */ = {isa = PBXBuildFile; fileRef = 3902F129259714D800A3DF8C /* CountryTableViewCell.swift */; };
		3958257B25948E41007325AB /* AppDelegate.swift in Sources */ = {isa = PBXBuildFile; fileRef = 3958257A25948E41007325AB /* AppDelegate.swift */; };
		3958258425948E43007325AB /* Assets.xcassets in Resources */ = {isa = PBXBuildFile; fileRef = 3958258325948E43007325AB /* Assets.xcassets */; };
		3958258725948E43007325AB /* LaunchScreen.storyboard in Resources */ = {isa = PBXBuildFile; fileRef = 3958258525948E43007325AB /* LaunchScreen.storyboard */; };
		3958259225948E43007325AB /* Dear_WorldTests.swift in Sources */ = {isa = PBXBuildFile; fileRef = 3958259125948E43007325AB /* Dear_WorldTests.swift */; };
		3958259D25948E43007325AB /* Dear_WorldUITests.swift in Sources */ = {isa = PBXBuildFile; fileRef = 3958259C25948E43007325AB /* Dear_WorldUITests.swift */; };
		395825B725948EE4007325AB /* Colors.xcassets in Resources */ = {isa = PBXBuildFile; fileRef = 395825B625948EE4007325AB /* Colors.xcassets */; };
		395825F0259494B1007325AB /* ReactorKit in Frameworks */ = {isa = PBXBuildFile; productRef = 395825EF259494B1007325AB /* ReactorKit */; };
		395826122596322B007325AB /* DiscoverViewController.swift in Sources */ = {isa = PBXBuildFile; fileRef = 395826112596322B007325AB /* DiscoverViewController.swift */; };
		3958261B2596D06C007325AB /* Then in Frameworks */ = {isa = PBXBuildFile; productRef = 3958261A2596D06C007325AB /* Then */; };
		395826212596D0B0007325AB /* Alamofire in Frameworks */ = {isa = PBXBuildFile; productRef = 395826202596D0B0007325AB /* Alamofire */; };
		395826272596D225007325AB /* SnapKit in Frameworks */ = {isa = PBXBuildFile; productRef = 395826262596D225007325AB /* SnapKit */; };
		395826332596E693007325AB /* Logger.swift in Sources */ = {isa = PBXBuildFile; fileRef = 395826322596E693007325AB /* Logger.swift */; };
		39672DB32598D139001D7E69 /* SelectCountryView.swift in Sources */ = {isa = PBXBuildFile; fileRef = 39672DB22598D139001D7E69 /* SelectCountryView.swift */; };
		39672DBC2598E803001D7E69 /* UITextView+Placeholder in Frameworks */ = {isa = PBXBuildFile; productRef = 39672DBB2598E803001D7E69 /* UITextView+Placeholder */; };
		39672DC12598E95A001D7E69 /* TextView.swift in Sources */ = {isa = PBXBuildFile; fileRef = 39672DC02598E95A001D7E69 /* TextView.swift */; };
		3971EB0C259A682C0084E6DC /* RxKeyboard in Frameworks */ = {isa = PBXBuildFile; productRef = 3971EB0B259A682C0084E6DC /* RxKeyboard */; };
		3971EB18259A7BC10084E6DC /* Emoji.swift in Sources */ = {isa = PBXBuildFile; fileRef = 3971EB17259A7BC10084E6DC /* Emoji.swift */; };
		3971EB1F259A7C0E0084E6DC /* Emoji.API.Random.swift in Sources */ = {isa = PBXBuildFile; fileRef = 3971EB1E259A7C0E0084E6DC /* Emoji.API.Random.swift */; };
		3971EB24259A7C420084E6DC /* Emoji.Model.Random.swift in Sources */ = {isa = PBXBuildFile; fileRef = 3971EB23259A7C420084E6DC /* Emoji.Model.Random.swift */; };
		39C832282597651F00236DDF /* RxRelay in Frameworks */ = {isa = PBXBuildFile; productRef = 39C832272597651F00236DDF /* RxRelay */; };
		39C8322A2597651F00236DDF /* RxSwift in Frameworks */ = {isa = PBXBuildFile; productRef = 39C832292597651F00236DDF /* RxSwift */; };
		39C8322C2597651F00236DDF /* RxCocoa in Frameworks */ = {isa = PBXBuildFile; productRef = 39C8322B2597651F00236DDF /* RxCocoa */; };
		39F0C1632597B34F00A7001F /* UIView+.swift in Sources */ = {isa = PBXBuildFile; fileRef = 39F0C1622597B34F00A7001F /* UIView+.swift */; };
		39F0C16B2597C7DF00A7001F /* UIImage+.swift in Sources */ = {isa = PBXBuildFile; fileRef = 39F0C16A2597C7DF00A7001F /* UIImage+.swift */; };
		39F0C176259860D700A7001F /* UIControl+Rx.swift in Sources */ = {isa = PBXBuildFile; fileRef = 39F0C175259860D700A7001F /* UIControl+Rx.swift */; };
		39F0C18B2598799200A7001F /* Network.swift in Sources */ = {isa = PBXBuildFile; fileRef = 39F0C18A2598799200A7001F /* Network.swift */; };
		39F0C19025987A2B00A7001F /* ServiceAPI.swift in Sources */ = {isa = PBXBuildFile; fileRef = 39F0C18F25987A2B00A7001F /* ServiceAPI.swift */; };
		39F0C19B2598860100A7001F /* ResponseWrapper.swift in Sources */ = {isa = PBXBuildFile; fileRef = 39F0C19A2598860100A7001F /* ResponseWrapper.swift */; };
		39F0C1A02598877600A7001F /* NetworkError.swift in Sources */ = {isa = PBXBuildFile; fileRef = 39F0C19F2598877600A7001F /* NetworkError.swift */; };
		39F0C1B72598927C00A7001F /* ErrorView.swift in Sources */ = {isa = PBXBuildFile; fileRef = 39F0C1B62598927C00A7001F /* ErrorView.swift */; };
		39F4657D25977DB300621327 /* RxGesture in Frameworks */ = {isa = PBXBuildFile; productRef = 39F4657C25977DB300621327 /* RxGesture */; };
		39F465822597811900621327 /* CheerButton.swift in Sources */ = {isa = PBXBuildFile; fileRef = 39F465812597811900621327 /* CheerButton.swift */; };
		39F465CC2597919700621327 /* RxOptional in Frameworks */ = {isa = PBXBuildFile; productRef = 39F465CB2597919700621327 /* RxOptional */; };
/* End PBXBuildFile section */

/* Begin PBXContainerItemProxy section */
		3958258E25948E43007325AB /* PBXContainerItemProxy */ = {
			isa = PBXContainerItemProxy;
			containerPortal = 3958256F25948E41007325AB /* Project object */;
			proxyType = 1;
			remoteGlobalIDString = 3958257625948E41007325AB;
			remoteInfo = "Dear-World";
		};
		3958259925948E43007325AB /* PBXContainerItemProxy */ = {
			isa = PBXContainerItemProxy;
			containerPortal = 3958256F25948E41007325AB /* Project object */;
			proxyType = 1;
			remoteGlobalIDString = 3958257625948E41007325AB;
			remoteInfo = "Dear-World";
		};
/* End PBXContainerItemProxy section */

/* Begin PBXFileReference section */
		121BDB292597259E0062B15A /* MessageCountBadgeView.swift */ = {isa = PBXFileReference; lastKnownFileType = sourcecode.swift; name = MessageCountBadgeView.swift; path = "Dear-World.xcodeproj/MessageCountBadgeView.swift"; sourceTree = SOURCE_ROOT; };
		121BDB43259735200062B15A /* UIColor+.swift */ = {isa = PBXFileReference; indentWidth = 2; lastKnownFileType = sourcecode.swift; path = "UIColor+.swift"; sourceTree = "<group>"; tabWidth = 2; };
		121BDB582597652A0062B15A /* MessageTableViewCell.swift */ = {isa = PBXFileReference; lastKnownFileType = sourcecode.swift; path = MessageTableViewCell.swift; sourceTree = "<group>"; };
		121BDB662597982F0062B15A /* DiscoverReactor.swift */ = {isa = PBXFileReference; lastKnownFileType = sourcecode.swift; path = DiscoverReactor.swift; sourceTree = "<group>"; };
		121BDB6B2597A49B0062B15A /* MessageMock.swift */ = {isa = PBXFileReference; lastKnownFileType = sourcecode.swift; path = MessageMock.swift; sourceTree = "<group>"; };
		121BDB702597A5D60062B15A /* APIMock.swift */ = {isa = PBXFileReference; lastKnownFileType = sourcecode.swift; path = APIMock.swift; sourceTree = "<group>"; };
		121BDB8D259829840062B15A /* CountrySelectController.swift */ = {isa = PBXFileReference; lastKnownFileType = sourcecode.swift; path = CountrySelectController.swift; sourceTree = "<group>"; };
		128313E22598A08700BDF8A3 /* Message.swift */ = {isa = PBXFileReference; lastKnownFileType = sourcecode.swift; name = Message.swift; path = "Dear-World/Source/Domain/Message/Message.swift"; sourceTree = SOURCE_ROOT; };
		128313ED2598A14E00BDF8A3 /* List.swift */ = {isa = PBXFileReference; lastKnownFileType = sourcecode.swift; path = List.swift; sourceTree = "<group>"; };
		3902F1042596F26D00A3DF8C /* CheeringMapViewController.swift */ = {isa = PBXFileReference; indentWidth = 2; lastKnownFileType = sourcecode.swift; path = CheeringMapViewController.swift; sourceTree = "<group>"; tabWidth = 2; };
		3902F1122597049D00A3DF8C /* SendMessageViewController.swift */ = {isa = PBXFileReference; indentWidth = 2; lastKnownFileType = sourcecode.swift; path = SendMessageViewController.swift; sourceTree = "<group>"; tabWidth = 2; };
		3902F117259704AF00A3DF8C /* AboutViewController.swift */ = {isa = PBXFileReference; lastKnownFileType = sourcecode.swift; path = AboutViewController.swift; sourceTree = "<group>"; };
		3902F12325970E5600A3DF8C /* Int+.swift */ = {isa = PBXFileReference; indentWidth = 2; lastKnownFileType = sourcecode.swift; path = "Int+.swift"; sourceTree = "<group>"; tabWidth = 2; };
		3902F129259714D800A3DF8C /* CountryTableViewCell.swift */ = {isa = PBXFileReference; indentWidth = 2; lastKnownFileType = sourcecode.swift; path = CountryTableViewCell.swift; sourceTree = "<group>"; tabWidth = 2; };
		3958257725948E41007325AB /* Dear-World.app */ = {isa = PBXFileReference; explicitFileType = wrapper.application; includeInIndex = 0; path = "Dear-World.app"; sourceTree = BUILT_PRODUCTS_DIR; };
		3958257A25948E41007325AB /* AppDelegate.swift */ = {isa = PBXFileReference; indentWidth = 2; lastKnownFileType = sourcecode.swift; path = AppDelegate.swift; sourceTree = "<group>"; tabWidth = 2; };
		3958258325948E43007325AB /* Assets.xcassets */ = {isa = PBXFileReference; lastKnownFileType = folder.assetcatalog; path = Assets.xcassets; sourceTree = "<group>"; };
		3958258625948E43007325AB /* Base */ = {isa = PBXFileReference; lastKnownFileType = file.storyboard; name = Base; path = Base.lproj/LaunchScreen.storyboard; sourceTree = "<group>"; };
		3958258825948E43007325AB /* Info.plist */ = {isa = PBXFileReference; lastKnownFileType = text.plist.xml; path = Info.plist; sourceTree = "<group>"; };
		3958258D25948E43007325AB /* Dear-WorldTests.xctest */ = {isa = PBXFileReference; explicitFileType = wrapper.cfbundle; includeInIndex = 0; path = "Dear-WorldTests.xctest"; sourceTree = BUILT_PRODUCTS_DIR; };
		3958259125948E43007325AB /* Dear_WorldTests.swift */ = {isa = PBXFileReference; lastKnownFileType = sourcecode.swift; path = Dear_WorldTests.swift; sourceTree = "<group>"; };
		3958259325948E43007325AB /* Info.plist */ = {isa = PBXFileReference; lastKnownFileType = text.plist.xml; path = Info.plist; sourceTree = "<group>"; };
		3958259825948E43007325AB /* Dear-WorldUITests.xctest */ = {isa = PBXFileReference; explicitFileType = wrapper.cfbundle; includeInIndex = 0; path = "Dear-WorldUITests.xctest"; sourceTree = BUILT_PRODUCTS_DIR; };
		3958259C25948E43007325AB /* Dear_WorldUITests.swift */ = {isa = PBXFileReference; lastKnownFileType = sourcecode.swift; path = Dear_WorldUITests.swift; sourceTree = "<group>"; };
		3958259E25948E43007325AB /* Info.plist */ = {isa = PBXFileReference; lastKnownFileType = text.plist.xml; path = Info.plist; sourceTree = "<group>"; };
		395825B625948EE4007325AB /* Colors.xcassets */ = {isa = PBXFileReference; lastKnownFileType = folder.assetcatalog; path = Colors.xcassets; sourceTree = "<group>"; };
		395826112596322B007325AB /* DiscoverViewController.swift */ = {isa = PBXFileReference; lastKnownFileType = sourcecode.swift; path = DiscoverViewController.swift; sourceTree = "<group>"; };
		395826322596E693007325AB /* Logger.swift */ = {isa = PBXFileReference; indentWidth = 2; lastKnownFileType = sourcecode.swift; path = Logger.swift; sourceTree = "<group>"; tabWidth = 2; };
		39672DB22598D139001D7E69 /* SelectCountryView.swift */ = {isa = PBXFileReference; indentWidth = 2; lastKnownFileType = sourcecode.swift; path = SelectCountryView.swift; sourceTree = "<group>"; tabWidth = 2; };
		39672DC02598E95A001D7E69 /* TextView.swift */ = {isa = PBXFileReference; lastKnownFileType = sourcecode.swift; path = TextView.swift; sourceTree = "<group>"; };
		3971EB17259A7BC10084E6DC /* Emoji.swift */ = {isa = PBXFileReference; lastKnownFileType = sourcecode.swift; path = Emoji.swift; sourceTree = "<group>"; };
		3971EB1E259A7C0E0084E6DC /* Emoji.API.Random.swift */ = {isa = PBXFileReference; lastKnownFileType = sourcecode.swift; path = Emoji.API.Random.swift; sourceTree = "<group>"; };
		3971EB23259A7C420084E6DC /* Emoji.Model.Random.swift */ = {isa = PBXFileReference; lastKnownFileType = sourcecode.swift; path = Emoji.Model.Random.swift; sourceTree = "<group>"; };
		39F0C1622597B34F00A7001F /* UIView+.swift */ = {isa = PBXFileReference; indentWidth = 2; lastKnownFileType = sourcecode.swift; path = "UIView+.swift"; sourceTree = "<group>"; tabWidth = 2; };
		39F0C16A2597C7DF00A7001F /* UIImage+.swift */ = {isa = PBXFileReference; indentWidth = 2; lastKnownFileType = sourcecode.swift; path = "UIImage+.swift"; sourceTree = "<group>"; tabWidth = 2; };
		39F0C175259860D700A7001F /* UIControl+Rx.swift */ = {isa = PBXFileReference; indentWidth = 2; lastKnownFileType = sourcecode.swift; path = "UIControl+Rx.swift"; sourceTree = "<group>"; tabWidth = 2; };
		39F0C18A2598799200A7001F /* Network.swift */ = {isa = PBXFileReference; indentWidth = 2; lastKnownFileType = sourcecode.swift; path = Network.swift; sourceTree = "<group>"; tabWidth = 2; };
		39F0C18F25987A2B00A7001F /* ServiceAPI.swift */ = {isa = PBXFileReference; lastKnownFileType = sourcecode.swift; path = ServiceAPI.swift; sourceTree = "<group>"; };
		39F0C19A2598860100A7001F /* ResponseWrapper.swift */ = {isa = PBXFileReference; lastKnownFileType = sourcecode.swift; path = ResponseWrapper.swift; sourceTree = "<group>"; };
		39F0C19F2598877600A7001F /* NetworkError.swift */ = {isa = PBXFileReference; indentWidth = 2; lastKnownFileType = sourcecode.swift; path = NetworkError.swift; sourceTree = "<group>"; tabWidth = 2; };
		39F0C1B62598927C00A7001F /* ErrorView.swift */ = {isa = PBXFileReference; indentWidth = 2; lastKnownFileType = sourcecode.swift; path = ErrorView.swift; sourceTree = "<group>"; tabWidth = 2; };
		39F465812597811900621327 /* CheerButton.swift */ = {isa = PBXFileReference; indentWidth = 2; lastKnownFileType = sourcecode.swift; path = CheerButton.swift; sourceTree = "<group>"; tabWidth = 2; wrapsLines = 0; };
/* End PBXFileReference section */

/* Begin PBXFrameworksBuildPhase section */
		3958257425948E41007325AB /* Frameworks */ = {
			isa = PBXFrameworksBuildPhase;
			buildActionMask = 2147483647;
			files = (
				39672DBC2598E803001D7E69 /* UITextView+Placeholder in Frameworks */,
				3971EB0C259A682C0084E6DC /* RxKeyboard in Frameworks */,
				39C8322A2597651F00236DDF /* RxSwift in Frameworks */,
				39C832282597651F00236DDF /* RxRelay in Frameworks */,
				39F4657D25977DB300621327 /* RxGesture in Frameworks */,
				395826212596D0B0007325AB /* Alamofire in Frameworks */,
				39C8322C2597651F00236DDF /* RxCocoa in Frameworks */,
				39F465CC2597919700621327 /* RxOptional in Frameworks */,
				395826272596D225007325AB /* SnapKit in Frameworks */,
				395825F0259494B1007325AB /* ReactorKit in Frameworks */,
				3958261B2596D06C007325AB /* Then in Frameworks */,
			);
			runOnlyForDeploymentPostprocessing = 0;
		};
		3958258A25948E43007325AB /* Frameworks */ = {
			isa = PBXFrameworksBuildPhase;
			buildActionMask = 2147483647;
			files = (
			);
			runOnlyForDeploymentPostprocessing = 0;
		};
		3958259525948E43007325AB /* Frameworks */ = {
			isa = PBXFrameworksBuildPhase;
			buildActionMask = 2147483647;
			files = (
			);
			runOnlyForDeploymentPostprocessing = 0;
		};
/* End PBXFrameworksBuildPhase section */

/* Begin PBXGroup section */
		121BDB42259734FE0062B15A /* Common */ = {
			isa = PBXGroup;
			children = (
				3902F14F2597531600A3DF8C /* Extension */,
			);
			path = Common;
			sourceTree = "<group>";
		};
		121BDB57259764F10062B15A /* Cell */ = {
			isa = PBXGroup;
			children = (
				121BDB582597652A0062B15A /* MessageTableViewCell.swift */,
			);
			path = Cell;
			sourceTree = "<group>";
		};
		128313EA2598A0C800BDF8A3 /* Message */ = {
			isa = PBXGroup;
			children = (
				128313EC2598A12600BDF8A3 /* Model */,
				128313EB2598A12300BDF8A3 /* API */,
				128313E22598A08700BDF8A3 /* Message.swift */,
			);
			path = Message;
			sourceTree = "<group>";
		};
		128313EB2598A12300BDF8A3 /* API */ = {
			isa = PBXGroup;
			children = (
				128313ED2598A14E00BDF8A3 /* List.swift */,
			);
			path = API;
			sourceTree = "<group>";
		};
		128313EC2598A12600BDF8A3 /* Model */ = {
			isa = PBXGroup;
			children = (
			);
			path = Model;
			sourceTree = "<group>";
		};
		3902F128259714AB00A3DF8C /* Cell */ = {
			isa = PBXGroup;
			children = (
				3902F129259714D800A3DF8C /* CountryTableViewCell.swift */,
			);
			path = Cell;
			sourceTree = "<group>";
		};
		3902F14F2597531600A3DF8C /* Extension */ = {
			isa = PBXGroup;
			children = (
				3902F12325970E5600A3DF8C /* Int+.swift */,
				121BDB43259735200062B15A /* UIColor+.swift */,
				39F0C1622597B34F00A7001F /* UIView+.swift */,
				39F0C16A2597C7DF00A7001F /* UIImage+.swift */,
				39F0C175259860D700A7001F /* UIControl+Rx.swift */,
			);
			path = Extension;
			sourceTree = "<group>";
		};
		3958256E25948E41007325AB = {
			isa = PBXGroup;
			children = (
				3958257925948E41007325AB /* Dear-World */,
				3958259025948E43007325AB /* Dear-WorldTests */,
				3958259B25948E43007325AB /* Dear-WorldUITests */,
				3958257825948E41007325AB /* Products */,
			);
			sourceTree = "<group>";
		};
		3958257825948E41007325AB /* Products */ = {
			isa = PBXGroup;
			children = (
				3958257725948E41007325AB /* Dear-World.app */,
				3958258D25948E43007325AB /* Dear-WorldTests.xctest */,
				3958259825948E43007325AB /* Dear-WorldUITests.xctest */,
			);
			name = Products;
			sourceTree = "<group>";
		};
		3958257925948E41007325AB /* Dear-World */ = {
			isa = PBXGroup;
			children = (
				395825AD25948E5B007325AB /* Source */,
				395825AE25948E66007325AB /* Resource */,
				395825AF25948E6D007325AB /* Support File */,
			);
			path = "Dear-World";
			sourceTree = "<group>";
		};
		3958259025948E43007325AB /* Dear-WorldTests */ = {
			isa = PBXGroup;
			children = (
				3958259125948E43007325AB /* Dear_WorldTests.swift */,
				3958259325948E43007325AB /* Info.plist */,
			);
			path = "Dear-WorldTests";
			sourceTree = "<group>";
		};
		3958259B25948E43007325AB /* Dear-WorldUITests */ = {
			isa = PBXGroup;
			children = (
				3958259C25948E43007325AB /* Dear_WorldUITests.swift */,
				3958259E25948E43007325AB /* Info.plist */,
			);
			path = "Dear-WorldUITests";
			sourceTree = "<group>";
		};
		395825AD25948E5B007325AB /* Source */ = {
			isa = PBXGroup;
			children = (
				39F0C1802598684100A7001F /* Network */,
				121BDB42259734FE0062B15A /* Common */,
				395825B025948E8E007325AB /* Core */,
				395825B125948E98007325AB /* Domain */,
				395825B225948E9F007325AB /* Presentation */,
			);
			path = Source;
			sourceTree = "<group>";
		};
		395825AE25948E66007325AB /* Resource */ = {
			isa = PBXGroup;
			children = (
				395825B625948EE4007325AB /* Colors.xcassets */,
				3958258325948E43007325AB /* Assets.xcassets */,
				3958258525948E43007325AB /* LaunchScreen.storyboard */,
			);
			path = Resource;
			sourceTree = "<group>";
		};
		395825AF25948E6D007325AB /* Support File */ = {
			isa = PBXGroup;
			children = (
				3958258825948E43007325AB /* Info.plist */,
			);
			path = "Support File";
			sourceTree = "<group>";
		};
		395825B025948E8E007325AB /* Core */ = {
			isa = PBXGroup;
			children = (
				3958257A25948E41007325AB /* AppDelegate.swift */,
				395826322596E693007325AB /* Logger.swift */,
			);
			path = Core;
			sourceTree = "<group>";
		};
		395825B125948E98007325AB /* Domain */ = {
			isa = PBXGroup;
			children = (
				3971EB16259A7BB10084E6DC /* Emoji */,
				128313EA2598A0C800BDF8A3 /* Message */,
			);
			path = Domain;
			sourceTree = "<group>";
		};
		395825B225948E9F007325AB /* Presentation */ = {
			isa = PBXGroup;
			children = (
				395825B425948EC6007325AB /* View */,
				395825B525948ECE007325AB /* Scene */,
			);
			path = Presentation;
			sourceTree = "<group>";
		};
		395825B425948EC6007325AB /* View */ = {
			isa = PBXGroup;
			children = (
				121BDB292597259E0062B15A /* MessageCountBadgeView.swift */,
				39F465812597811900621327 /* CheerButton.swift */,
				121BDB8D259829840062B15A /* CountrySelectController.swift */,
				39672DB22598D139001D7E69 /* SelectCountryView.swift */,
				39672DC02598E95A001D7E69 /* TextView.swift */,
				39F0C1B62598927C00A7001F /* ErrorView.swift */,
			);
			path = View;
			sourceTree = "<group>";
		};
		395825B525948ECE007325AB /* Scene */ = {
			isa = PBXGroup;
			children = (
				3958260025962F77007325AB /* Discover */,
				3958260125962F7E007325AB /* Cheering Map */,
				3958260225962F94007325AB /* Send Message */,
				3958260325962FAE007325AB /* About */,
			);
			path = Scene;
			sourceTree = "<group>";
		};
		3958260025962F77007325AB /* Discover */ = {
			isa = PBXGroup;
			children = (
				121BDB57259764F10062B15A /* Cell */,
				395826112596322B007325AB /* DiscoverViewController.swift */,
				121BDB662597982F0062B15A /* DiscoverReactor.swift */,
				121BDB6B2597A49B0062B15A /* MessageMock.swift */,
				121BDB702597A5D60062B15A /* APIMock.swift */,
			);
			path = Discover;
			sourceTree = "<group>";
		};
		3958260125962F7E007325AB /* Cheering Map */ = {
			isa = PBXGroup;
			children = (
				3902F128259714AB00A3DF8C /* Cell */,
				3902F1042596F26D00A3DF8C /* CheeringMapViewController.swift */,
			);
			path = "Cheering Map";
			sourceTree = "<group>";
		};
		3958260225962F94007325AB /* Send Message */ = {
			isa = PBXGroup;
			children = (
				3902F1122597049D00A3DF8C /* SendMessageViewController.swift */,
			);
			path = "Send Message";
			sourceTree = "<group>";
		};
		3958260325962FAE007325AB /* About */ = {
			isa = PBXGroup;
			children = (
				3902F117259704AF00A3DF8C /* AboutViewController.swift */,
			);
			path = About;
			sourceTree = "<group>";
		};
		3971EB16259A7BB10084E6DC /* Emoji */ = {
			isa = PBXGroup;
			children = (
				3971EB1D259A7BDF0084E6DC /* API */,
				3971EB1C259A7BDC0084E6DC /* Model */,
				3971EB17259A7BC10084E6DC /* Emoji.swift */,
			);
			path = Emoji;
			sourceTree = "<group>";
		};
		3971EB1C259A7BDC0084E6DC /* Model */ = {
			isa = PBXGroup;
			children = (
				3971EB23259A7C420084E6DC /* Emoji.Model.Random.swift */,
			);
			path = Model;
			sourceTree = "<group>";
		};
		3971EB1D259A7BDF0084E6DC /* API */ = {
			isa = PBXGroup;
			children = (
				3971EB1E259A7C0E0084E6DC /* Emoji.API.Random.swift */,
			);
			path = API;
			sourceTree = "<group>";
		};
		39F0C1802598684100A7001F /* Network */ = {
			isa = PBXGroup;
			children = (
				39F0C18A2598799200A7001F /* Network.swift */,
				39F0C18F25987A2B00A7001F /* ServiceAPI.swift */,
				39F0C19A2598860100A7001F /* ResponseWrapper.swift */,
				39F0C19F2598877600A7001F /* NetworkError.swift */,
			);
			path = Network;
			sourceTree = "<group>";
		};
/* End PBXGroup section */

/* Begin PBXNativeTarget section */
		3958257625948E41007325AB /* Dear-World */ = {
			isa = PBXNativeTarget;
			buildConfigurationList = 395825A125948E43007325AB /* Build configuration list for PBXNativeTarget "Dear-World" */;
			buildPhases = (
				3958262B2596D7B6007325AB /* Swift Lint */,
				3958257325948E41007325AB /* Sources */,
				3958257425948E41007325AB /* Frameworks */,
				3958257525948E41007325AB /* Resources */,
			);
			buildRules = (
			);
			dependencies = (
			);
			name = "Dear-World";
			packageProductDependencies = (
				395825EF259494B1007325AB /* ReactorKit */,
				3958261A2596D06C007325AB /* Then */,
				395826202596D0B0007325AB /* Alamofire */,
				395826262596D225007325AB /* SnapKit */,
				39C832272597651F00236DDF /* RxRelay */,
				39C832292597651F00236DDF /* RxSwift */,
				39C8322B2597651F00236DDF /* RxCocoa */,
				39F4657C25977DB300621327 /* RxGesture */,
				39F465CB2597919700621327 /* RxOptional */,
				39672DBB2598E803001D7E69 /* UITextView+Placeholder */,
				3971EB0B259A682C0084E6DC /* RxKeyboard */,
			);
			productName = "Dear-World";
			productReference = 3958257725948E41007325AB /* Dear-World.app */;
			productType = "com.apple.product-type.application";
		};
		3958258C25948E43007325AB /* Dear-WorldTests */ = {
			isa = PBXNativeTarget;
			buildConfigurationList = 395825A425948E43007325AB /* Build configuration list for PBXNativeTarget "Dear-WorldTests" */;
			buildPhases = (
				3958258925948E43007325AB /* Sources */,
				3958258A25948E43007325AB /* Frameworks */,
				3958258B25948E43007325AB /* Resources */,
			);
			buildRules = (
			);
			dependencies = (
				3958258F25948E43007325AB /* PBXTargetDependency */,
			);
			name = "Dear-WorldTests";
			productName = "Dear-WorldTests";
			productReference = 3958258D25948E43007325AB /* Dear-WorldTests.xctest */;
			productType = "com.apple.product-type.bundle.unit-test";
		};
		3958259725948E43007325AB /* Dear-WorldUITests */ = {
			isa = PBXNativeTarget;
			buildConfigurationList = 395825A725948E43007325AB /* Build configuration list for PBXNativeTarget "Dear-WorldUITests" */;
			buildPhases = (
				3958259425948E43007325AB /* Sources */,
				3958259525948E43007325AB /* Frameworks */,
				3958259625948E43007325AB /* Resources */,
			);
			buildRules = (
			);
			dependencies = (
				3958259A25948E43007325AB /* PBXTargetDependency */,
			);
			name = "Dear-WorldUITests";
			productName = "Dear-WorldUITests";
			productReference = 3958259825948E43007325AB /* Dear-WorldUITests.xctest */;
			productType = "com.apple.product-type.bundle.ui-testing";
		};
/* End PBXNativeTarget section */

/* Begin PBXProject section */
		3958256F25948E41007325AB /* Project object */ = {
			isa = PBXProject;
			attributes = {
				LastSwiftUpdateCheck = 1230;
				LastUpgradeCheck = 1230;
				TargetAttributes = {
					3958257625948E41007325AB = {
						CreatedOnToolsVersion = 12.3;
					};
					3958258C25948E43007325AB = {
						CreatedOnToolsVersion = 12.3;
						TestTargetID = 3958257625948E41007325AB;
					};
					3958259725948E43007325AB = {
						CreatedOnToolsVersion = 12.3;
						TestTargetID = 3958257625948E41007325AB;
					};
				};
			};
			buildConfigurationList = 3958257225948E41007325AB /* Build configuration list for PBXProject "Dear-World" */;
			compatibilityVersion = "Xcode 9.3";
			developmentRegion = en;
			hasScannedForEncodings = 0;
			knownRegions = (
				en,
				Base,
			);
			mainGroup = 3958256E25948E41007325AB;
			packageReferences = (
				395825EE259494B1007325AB /* XCRemoteSwiftPackageReference "ReactorKit" */,
				395826192596D06C007325AB /* XCRemoteSwiftPackageReference "Then" */,
				3958261F2596D0B0007325AB /* XCRemoteSwiftPackageReference "Alamofire" */,
				395826252596D225007325AB /* XCRemoteSwiftPackageReference "SnapKit" */,
				39C832262597651F00236DDF /* XCRemoteSwiftPackageReference "RxSwift" */,
				39F4657B25977DB300621327 /* XCRemoteSwiftPackageReference "RxGesture" */,
				39F465CA2597919700621327 /* XCRemoteSwiftPackageReference "RxOptional" */,
				39672DBA2598E803001D7E69 /* XCRemoteSwiftPackageReference "UITextView-Placeholder" */,
				3971EB0A259A682C0084E6DC /* XCRemoteSwiftPackageReference "RxKeyboard" */,
			);
			productRefGroup = 3958257825948E41007325AB /* Products */;
			projectDirPath = "";
			projectRoot = "";
			targets = (
				3958257625948E41007325AB /* Dear-World */,
				3958258C25948E43007325AB /* Dear-WorldTests */,
				3958259725948E43007325AB /* Dear-WorldUITests */,
			);
		};
/* End PBXProject section */

/* Begin PBXResourcesBuildPhase section */
		3958257525948E41007325AB /* Resources */ = {
			isa = PBXResourcesBuildPhase;
			buildActionMask = 2147483647;
			files = (
				3958258725948E43007325AB /* LaunchScreen.storyboard in Resources */,
				395825B725948EE4007325AB /* Colors.xcassets in Resources */,
				3958258425948E43007325AB /* Assets.xcassets in Resources */,
			);
			runOnlyForDeploymentPostprocessing = 0;
		};
		3958258B25948E43007325AB /* Resources */ = {
			isa = PBXResourcesBuildPhase;
			buildActionMask = 2147483647;
			files = (
			);
			runOnlyForDeploymentPostprocessing = 0;
		};
		3958259625948E43007325AB /* Resources */ = {
			isa = PBXResourcesBuildPhase;
			buildActionMask = 2147483647;
			files = (
			);
			runOnlyForDeploymentPostprocessing = 0;
		};
/* End PBXResourcesBuildPhase section */

/* Begin PBXShellScriptBuildPhase section */
		3958262B2596D7B6007325AB /* Swift Lint */ = {
			isa = PBXShellScriptBuildPhase;
			buildActionMask = 2147483647;
			files = (
			);
			inputFileListPaths = (
			);
			inputPaths = (
			);
			name = "Swift Lint";
			outputFileListPaths = (
			);
			outputPaths = (
			);
			runOnlyForDeploymentPostprocessing = 0;
			shellPath = /bin/sh;
			shellScript = "if which swiftlint >/dev/null; then\n  swiftlint\nelse\n  echo \"warning: SwiftLint not installed, download from https://github.com/realm/SwiftLint\"\nfi\n";
		};
/* End PBXShellScriptBuildPhase section */

/* Begin PBXSourcesBuildPhase section */
		3958257325948E41007325AB /* Sources */ = {
			isa = PBXSourcesBuildPhase;
			buildActionMask = 2147483647;
			files = (
				121BDB712597A5D60062B15A /* APIMock.swift in Sources */,
				39672DB32598D139001D7E69 /* SelectCountryView.swift in Sources */,
				3902F118259704AF00A3DF8C /* AboutViewController.swift in Sources */,
				3902F12425970E5600A3DF8C /* Int+.swift in Sources */,
				39F0C18B2598799200A7001F /* Network.swift in Sources */,
				395826122596322B007325AB /* DiscoverViewController.swift in Sources */,
				3971EB18259A7BC10084E6DC /* Emoji.swift in Sources */,
				3902F1132597049D00A3DF8C /* SendMessageViewController.swift in Sources */,
				39F0C1A02598877600A7001F /* NetworkError.swift in Sources */,
				121BDB592597652A0062B15A /* MessageTableViewCell.swift in Sources */,
				3902F12A259714D800A3DF8C /* CountryTableViewCell.swift in Sources */,
				395826332596E693007325AB /* Logger.swift in Sources */,
				39F0C19025987A2B00A7001F /* ServiceAPI.swift in Sources */,
				3958257B25948E41007325AB /* AppDelegate.swift in Sources */,
				39F465822597811900621327 /* CheerButton.swift in Sources */,
				128313EE2598A14E00BDF8A3 /* List.swift in Sources */,
				128313E32598A08700BDF8A3 /* Message.swift in Sources */,
				121BDB44259735200062B15A /* UIColor+.swift in Sources */,
				39F0C19B2598860100A7001F /* ResponseWrapper.swift in Sources */,
				3971EB24259A7C420084E6DC /* Emoji.Model.Random.swift in Sources */,
				39F0C1632597B34F00A7001F /* UIView+.swift in Sources */,
				3971EB1F259A7C0E0084E6DC /* Emoji.API.Random.swift in Sources */,
				3902F1052596F26D00A3DF8C /* CheeringMapViewController.swift in Sources */,
				39F0C1B72598927C00A7001F /* ErrorView.swift in Sources */,
				39672DC12598E95A001D7E69 /* TextView.swift in Sources */,
				39F0C176259860D700A7001F /* UIControl+Rx.swift in Sources */,
				121BDB2A2597259E0062B15A /* MessageCountBadgeView.swift in Sources */,
				39F0C16B2597C7DF00A7001F /* UIImage+.swift in Sources */,
				121BDB6C2597A49B0062B15A /* MessageMock.swift in Sources */,
				121BDB8E259829840062B15A /* CountrySelectController.swift in Sources */,
				121BDB672597982F0062B15A /* DiscoverReactor.swift in Sources */,
			);
			runOnlyForDeploymentPostprocessing = 0;
		};
		3958258925948E43007325AB /* Sources */ = {
			isa = PBXSourcesBuildPhase;
			buildActionMask = 2147483647;
			files = (
				3958259225948E43007325AB /* Dear_WorldTests.swift in Sources */,
			);
			runOnlyForDeploymentPostprocessing = 0;
		};
		3958259425948E43007325AB /* Sources */ = {
			isa = PBXSourcesBuildPhase;
			buildActionMask = 2147483647;
			files = (
				3958259D25948E43007325AB /* Dear_WorldUITests.swift in Sources */,
			);
			runOnlyForDeploymentPostprocessing = 0;
		};
/* End PBXSourcesBuildPhase section */

/* Begin PBXTargetDependency section */
		3958258F25948E43007325AB /* PBXTargetDependency */ = {
			isa = PBXTargetDependency;
			target = 3958257625948E41007325AB /* Dear-World */;
			targetProxy = 3958258E25948E43007325AB /* PBXContainerItemProxy */;
		};
		3958259A25948E43007325AB /* PBXTargetDependency */ = {
			isa = PBXTargetDependency;
			target = 3958257625948E41007325AB /* Dear-World */;
			targetProxy = 3958259925948E43007325AB /* PBXContainerItemProxy */;
		};
/* End PBXTargetDependency section */

/* Begin PBXVariantGroup section */
		3958258525948E43007325AB /* LaunchScreen.storyboard */ = {
			isa = PBXVariantGroup;
			children = (
				3958258625948E43007325AB /* Base */,
			);
			name = LaunchScreen.storyboard;
			sourceTree = "<group>";
		};
/* End PBXVariantGroup section */

/* Begin XCBuildConfiguration section */
		3958259F25948E43007325AB /* Debug */ = {
			isa = XCBuildConfiguration;
			buildSettings = {
				ALWAYS_SEARCH_USER_PATHS = NO;
				CLANG_ANALYZER_NONNULL = YES;
				CLANG_ANALYZER_NUMBER_OBJECT_CONVERSION = YES_AGGRESSIVE;
				CLANG_CXX_LANGUAGE_STANDARD = "gnu++14";
				CLANG_CXX_LIBRARY = "libc++";
				CLANG_ENABLE_MODULES = YES;
				CLANG_ENABLE_OBJC_ARC = YES;
				CLANG_ENABLE_OBJC_WEAK = YES;
				CLANG_WARN_BLOCK_CAPTURE_AUTORELEASING = YES;
				CLANG_WARN_BOOL_CONVERSION = YES;
				CLANG_WARN_COMMA = YES;
				CLANG_WARN_CONSTANT_CONVERSION = YES;
				CLANG_WARN_DEPRECATED_OBJC_IMPLEMENTATIONS = YES;
				CLANG_WARN_DIRECT_OBJC_ISA_USAGE = YES_ERROR;
				CLANG_WARN_DOCUMENTATION_COMMENTS = YES;
				CLANG_WARN_EMPTY_BODY = YES;
				CLANG_WARN_ENUM_CONVERSION = YES;
				CLANG_WARN_INFINITE_RECURSION = YES;
				CLANG_WARN_INT_CONVERSION = YES;
				CLANG_WARN_NON_LITERAL_NULL_CONVERSION = YES;
				CLANG_WARN_OBJC_IMPLICIT_RETAIN_SELF = YES;
				CLANG_WARN_OBJC_LITERAL_CONVERSION = YES;
				CLANG_WARN_OBJC_ROOT_CLASS = YES_ERROR;
				CLANG_WARN_QUOTED_INCLUDE_IN_FRAMEWORK_HEADER = YES;
				CLANG_WARN_RANGE_LOOP_ANALYSIS = YES;
				CLANG_WARN_STRICT_PROTOTYPES = YES;
				CLANG_WARN_SUSPICIOUS_MOVE = YES;
				CLANG_WARN_UNGUARDED_AVAILABILITY = YES_AGGRESSIVE;
				CLANG_WARN_UNREACHABLE_CODE = YES;
				CLANG_WARN__DUPLICATE_METHOD_MATCH = YES;
				COPY_PHASE_STRIP = NO;
				DEBUG_INFORMATION_FORMAT = dwarf;
				ENABLE_STRICT_OBJC_MSGSEND = YES;
				ENABLE_TESTABILITY = YES;
				GCC_C_LANGUAGE_STANDARD = gnu11;
				GCC_DYNAMIC_NO_PIC = NO;
				GCC_NO_COMMON_BLOCKS = YES;
				GCC_OPTIMIZATION_LEVEL = 0;
				GCC_PREPROCESSOR_DEFINITIONS = (
					"DEBUG=1",
					"$(inherited)",
				);
				GCC_WARN_64_TO_32_BIT_CONVERSION = YES;
				GCC_WARN_ABOUT_RETURN_TYPE = YES_ERROR;
				GCC_WARN_UNDECLARED_SELECTOR = YES;
				GCC_WARN_UNINITIALIZED_AUTOS = YES_AGGRESSIVE;
				GCC_WARN_UNUSED_FUNCTION = YES;
				GCC_WARN_UNUSED_VARIABLE = YES;
				IPHONEOS_DEPLOYMENT_TARGET = 14.3;
				MTL_ENABLE_DEBUG_INFO = INCLUDE_SOURCE;
				MTL_FAST_MATH = YES;
				ONLY_ACTIVE_ARCH = YES;
				SDKROOT = iphoneos;
				SWIFT_ACTIVE_COMPILATION_CONDITIONS = DEBUG;
				SWIFT_OPTIMIZATION_LEVEL = "-Onone";
			};
			name = Debug;
		};
		395825A025948E43007325AB /* Release */ = {
			isa = XCBuildConfiguration;
			buildSettings = {
				ALWAYS_SEARCH_USER_PATHS = NO;
				CLANG_ANALYZER_NONNULL = YES;
				CLANG_ANALYZER_NUMBER_OBJECT_CONVERSION = YES_AGGRESSIVE;
				CLANG_CXX_LANGUAGE_STANDARD = "gnu++14";
				CLANG_CXX_LIBRARY = "libc++";
				CLANG_ENABLE_MODULES = YES;
				CLANG_ENABLE_OBJC_ARC = YES;
				CLANG_ENABLE_OBJC_WEAK = YES;
				CLANG_WARN_BLOCK_CAPTURE_AUTORELEASING = YES;
				CLANG_WARN_BOOL_CONVERSION = YES;
				CLANG_WARN_COMMA = YES;
				CLANG_WARN_CONSTANT_CONVERSION = YES;
				CLANG_WARN_DEPRECATED_OBJC_IMPLEMENTATIONS = YES;
				CLANG_WARN_DIRECT_OBJC_ISA_USAGE = YES_ERROR;
				CLANG_WARN_DOCUMENTATION_COMMENTS = YES;
				CLANG_WARN_EMPTY_BODY = YES;
				CLANG_WARN_ENUM_CONVERSION = YES;
				CLANG_WARN_INFINITE_RECURSION = YES;
				CLANG_WARN_INT_CONVERSION = YES;
				CLANG_WARN_NON_LITERAL_NULL_CONVERSION = YES;
				CLANG_WARN_OBJC_IMPLICIT_RETAIN_SELF = YES;
				CLANG_WARN_OBJC_LITERAL_CONVERSION = YES;
				CLANG_WARN_OBJC_ROOT_CLASS = YES_ERROR;
				CLANG_WARN_QUOTED_INCLUDE_IN_FRAMEWORK_HEADER = YES;
				CLANG_WARN_RANGE_LOOP_ANALYSIS = YES;
				CLANG_WARN_STRICT_PROTOTYPES = YES;
				CLANG_WARN_SUSPICIOUS_MOVE = YES;
				CLANG_WARN_UNGUARDED_AVAILABILITY = YES_AGGRESSIVE;
				CLANG_WARN_UNREACHABLE_CODE = YES;
				CLANG_WARN__DUPLICATE_METHOD_MATCH = YES;
				COPY_PHASE_STRIP = NO;
				DEBUG_INFORMATION_FORMAT = "dwarf-with-dsym";
				ENABLE_NS_ASSERTIONS = NO;
				ENABLE_STRICT_OBJC_MSGSEND = YES;
				GCC_C_LANGUAGE_STANDARD = gnu11;
				GCC_NO_COMMON_BLOCKS = YES;
				GCC_WARN_64_TO_32_BIT_CONVERSION = YES;
				GCC_WARN_ABOUT_RETURN_TYPE = YES_ERROR;
				GCC_WARN_UNDECLARED_SELECTOR = YES;
				GCC_WARN_UNINITIALIZED_AUTOS = YES_AGGRESSIVE;
				GCC_WARN_UNUSED_FUNCTION = YES;
				GCC_WARN_UNUSED_VARIABLE = YES;
				IPHONEOS_DEPLOYMENT_TARGET = 14.3;
				MTL_ENABLE_DEBUG_INFO = NO;
				MTL_FAST_MATH = YES;
				SDKROOT = iphoneos;
				SWIFT_COMPILATION_MODE = wholemodule;
				SWIFT_OPTIMIZATION_LEVEL = "-O";
				VALIDATE_PRODUCT = YES;
			};
			name = Release;
		};
		395825A225948E43007325AB /* Debug */ = {
			isa = XCBuildConfiguration;
			buildSettings = {
				ASSETCATALOG_COMPILER_APPICON_NAME = AppIcon;
				ASSETCATALOG_COMPILER_GLOBAL_ACCENT_COLOR_NAME = AccentColor;
				CODE_SIGN_STYLE = Automatic;
				DEVELOPMENT_TEAM = 8BQHKQSA4Y;
				INFOPLIST_FILE = "Dear-World/Support File/Info.plist";
				IPHONEOS_DEPLOYMENT_TARGET = 13.0;
				LD_RUNPATH_SEARCH_PATHS = (
					"$(inherited)",
					"@executable_path/Frameworks",
				);
				PRODUCT_BUNDLE_IDENTIFIER = "developer.o.o.wl.Dear-World";
				PRODUCT_NAME = "$(TARGET_NAME)";
				SWIFT_VERSION = 5.0;
				TARGETED_DEVICE_FAMILY = "1,2";
			};
			name = Debug;
		};
		395825A325948E43007325AB /* Release */ = {
			isa = XCBuildConfiguration;
			buildSettings = {
				ASSETCATALOG_COMPILER_APPICON_NAME = AppIcon;
				ASSETCATALOG_COMPILER_GLOBAL_ACCENT_COLOR_NAME = AccentColor;
				CODE_SIGN_STYLE = Automatic;
				DEVELOPMENT_TEAM = 8BQHKQSA4Y;
				INFOPLIST_FILE = "Dear-World/Support File/Info.plist";
				IPHONEOS_DEPLOYMENT_TARGET = 13.0;
				LD_RUNPATH_SEARCH_PATHS = (
					"$(inherited)",
					"@executable_path/Frameworks",
				);
				PRODUCT_BUNDLE_IDENTIFIER = "developer.o.o.wl.Dear-World";
				PRODUCT_NAME = "$(TARGET_NAME)";
				SWIFT_VERSION = 5.0;
				TARGETED_DEVICE_FAMILY = "1,2";
			};
			name = Release;
		};
		395825A525948E43007325AB /* Debug */ = {
			isa = XCBuildConfiguration;
			buildSettings = {
				ALWAYS_EMBED_SWIFT_STANDARD_LIBRARIES = YES;
				BUNDLE_LOADER = "$(TEST_HOST)";
				CODE_SIGN_STYLE = Automatic;
				DEVELOPMENT_TEAM = 8BQHKQSA4Y;
				INFOPLIST_FILE = "Dear-WorldTests/Info.plist";
				IPHONEOS_DEPLOYMENT_TARGET = 14.3;
				LD_RUNPATH_SEARCH_PATHS = (
					"$(inherited)",
					"@executable_path/Frameworks",
					"@loader_path/Frameworks",
				);
				PRODUCT_BUNDLE_IDENTIFIER = "developer.o.o.wl.Dear-WorldTests";
				PRODUCT_NAME = "$(TARGET_NAME)";
				SWIFT_VERSION = 5.0;
				TARGETED_DEVICE_FAMILY = "1,2";
				TEST_HOST = "$(BUILT_PRODUCTS_DIR)/Dear-World.app/Dear-World";
			};
			name = Debug;
		};
		395825A625948E43007325AB /* Release */ = {
			isa = XCBuildConfiguration;
			buildSettings = {
				ALWAYS_EMBED_SWIFT_STANDARD_LIBRARIES = YES;
				BUNDLE_LOADER = "$(TEST_HOST)";
				CODE_SIGN_STYLE = Automatic;
				DEVELOPMENT_TEAM = 8BQHKQSA4Y;
				INFOPLIST_FILE = "Dear-WorldTests/Info.plist";
				IPHONEOS_DEPLOYMENT_TARGET = 14.3;
				LD_RUNPATH_SEARCH_PATHS = (
					"$(inherited)",
					"@executable_path/Frameworks",
					"@loader_path/Frameworks",
				);
				PRODUCT_BUNDLE_IDENTIFIER = "developer.o.o.wl.Dear-WorldTests";
				PRODUCT_NAME = "$(TARGET_NAME)";
				SWIFT_VERSION = 5.0;
				TARGETED_DEVICE_FAMILY = "1,2";
				TEST_HOST = "$(BUILT_PRODUCTS_DIR)/Dear-World.app/Dear-World";
			};
			name = Release;
		};
		395825A825948E43007325AB /* Debug */ = {
			isa = XCBuildConfiguration;
			buildSettings = {
				ALWAYS_EMBED_SWIFT_STANDARD_LIBRARIES = YES;
				CODE_SIGN_STYLE = Automatic;
				DEVELOPMENT_TEAM = 8BQHKQSA4Y;
				INFOPLIST_FILE = "Dear-WorldUITests/Info.plist";
				LD_RUNPATH_SEARCH_PATHS = (
					"$(inherited)",
					"@executable_path/Frameworks",
					"@loader_path/Frameworks",
				);
				PRODUCT_BUNDLE_IDENTIFIER = "developer.o.o.wl.Dear-WorldUITests";
				PRODUCT_NAME = "$(TARGET_NAME)";
				SWIFT_VERSION = 5.0;
				TARGETED_DEVICE_FAMILY = "1,2";
				TEST_TARGET_NAME = "Dear-World";
			};
			name = Debug;
		};
		395825A925948E43007325AB /* Release */ = {
			isa = XCBuildConfiguration;
			buildSettings = {
				ALWAYS_EMBED_SWIFT_STANDARD_LIBRARIES = YES;
				CODE_SIGN_STYLE = Automatic;
				DEVELOPMENT_TEAM = 8BQHKQSA4Y;
				INFOPLIST_FILE = "Dear-WorldUITests/Info.plist";
				LD_RUNPATH_SEARCH_PATHS = (
					"$(inherited)",
					"@executable_path/Frameworks",
					"@loader_path/Frameworks",
				);
				PRODUCT_BUNDLE_IDENTIFIER = "developer.o.o.wl.Dear-WorldUITests";
				PRODUCT_NAME = "$(TARGET_NAME)";
				SWIFT_VERSION = 5.0;
				TARGETED_DEVICE_FAMILY = "1,2";
				TEST_TARGET_NAME = "Dear-World";
			};
			name = Release;
		};
/* End XCBuildConfiguration section */

/* Begin XCConfigurationList section */
		3958257225948E41007325AB /* Build configuration list for PBXProject "Dear-World" */ = {
			isa = XCConfigurationList;
			buildConfigurations = (
				3958259F25948E43007325AB /* Debug */,
				395825A025948E43007325AB /* Release */,
			);
			defaultConfigurationIsVisible = 0;
			defaultConfigurationName = Release;
		};
		395825A125948E43007325AB /* Build configuration list for PBXNativeTarget "Dear-World" */ = {
			isa = XCConfigurationList;
			buildConfigurations = (
				395825A225948E43007325AB /* Debug */,
				395825A325948E43007325AB /* Release */,
			);
			defaultConfigurationIsVisible = 0;
			defaultConfigurationName = Release;
		};
		395825A425948E43007325AB /* Build configuration list for PBXNativeTarget "Dear-WorldTests" */ = {
			isa = XCConfigurationList;
			buildConfigurations = (
				395825A525948E43007325AB /* Debug */,
				395825A625948E43007325AB /* Release */,
			);
			defaultConfigurationIsVisible = 0;
			defaultConfigurationName = Release;
		};
		395825A725948E43007325AB /* Build configuration list for PBXNativeTarget "Dear-WorldUITests" */ = {
			isa = XCConfigurationList;
			buildConfigurations = (
				395825A825948E43007325AB /* Debug */,
				395825A925948E43007325AB /* Release */,
			);
			defaultConfigurationIsVisible = 0;
			defaultConfigurationName = Release;
		};
/* End XCConfigurationList section */

/* Begin XCRemoteSwiftPackageReference section */
		395825EE259494B1007325AB /* XCRemoteSwiftPackageReference "ReactorKit" */ = {
			isa = XCRemoteSwiftPackageReference;
			repositoryURL = "https://github.com/ReactorKit/ReactorKit";
			requirement = {
				kind = upToNextMajorVersion;
				minimumVersion = 2.1.1;
			};
		};
		395826192596D06C007325AB /* XCRemoteSwiftPackageReference "Then" */ = {
			isa = XCRemoteSwiftPackageReference;
			repositoryURL = "https://github.com/devxoul/Then";
			requirement = {
				kind = upToNextMajorVersion;
				minimumVersion = 2.7.0;
			};
		};
		3958261F2596D0B0007325AB /* XCRemoteSwiftPackageReference "Alamofire" */ = {
			isa = XCRemoteSwiftPackageReference;
			repositoryURL = "https://github.com/Alamofire/Alamofire";
			requirement = {
				kind = upToNextMajorVersion;
				minimumVersion = 5.4.1;
			};
		};
		395826252596D225007325AB /* XCRemoteSwiftPackageReference "SnapKit" */ = {
			isa = XCRemoteSwiftPackageReference;
			repositoryURL = "https://github.com/SnapKit/SnapKit";
			requirement = {
				kind = upToNextMajorVersion;
				minimumVersion = 5.0.1;
			};
		};
		39672DBA2598E803001D7E69 /* XCRemoteSwiftPackageReference "UITextView-Placeholder" */ = {
			isa = XCRemoteSwiftPackageReference;
			repositoryURL = "https://github.com/devxoul/UITextView-Placeholder";
			requirement = {
				kind = upToNextMajorVersion;
				minimumVersion = 1.4.0;
			};
		};
		3971EB0A259A682C0084E6DC /* XCRemoteSwiftPackageReference "RxKeyboard" */ = {
			isa = XCRemoteSwiftPackageReference;
			repositoryURL = "https://github.com/RxSwiftCommunity/RxKeyboard";
			requirement = {
				kind = upToNextMajorVersion;
				minimumVersion = 1.0.0;
			};
		};
		39C832262597651F00236DDF /* XCRemoteSwiftPackageReference "RxSwift" */ = {
			isa = XCRemoteSwiftPackageReference;
			repositoryURL = "https://github.com/ReactiveX/RxSwift";
			requirement = {
				kind = upToNextMajorVersion;
				minimumVersion = 5.1.1;
			};
		};
		39F4657B25977DB300621327 /* XCRemoteSwiftPackageReference "RxGesture" */ = {
			isa = XCRemoteSwiftPackageReference;
			repositoryURL = "https://github.com/RxSwiftCommunity/RxGesture";
			requirement = {
				kind = upToNextMajorVersion;
				minimumVersion = 3.0.3;
			};
		};
		39F465CA2597919700621327 /* XCRemoteSwiftPackageReference "RxOptional" */ = {
			isa = XCRemoteSwiftPackageReference;
			repositoryURL = "https://github.com/RxSwiftCommunity/RxOptional";
			requirement = {
				kind = upToNextMajorVersion;
				minimumVersion = 4.1.0;
			};
		};
/* End XCRemoteSwiftPackageReference section */

/* Begin XCSwiftPackageProductDependency section */
		395825EF259494B1007325AB /* ReactorKit */ = {
			isa = XCSwiftPackageProductDependency;
			package = 395825EE259494B1007325AB /* XCRemoteSwiftPackageReference "ReactorKit" */;
			productName = ReactorKit;
		};
		3958261A2596D06C007325AB /* Then */ = {
			isa = XCSwiftPackageProductDependency;
			package = 395826192596D06C007325AB /* XCRemoteSwiftPackageReference "Then" */;
			productName = Then;
		};
		395826202596D0B0007325AB /* Alamofire */ = {
			isa = XCSwiftPackageProductDependency;
			package = 3958261F2596D0B0007325AB /* XCRemoteSwiftPackageReference "Alamofire" */;
			productName = Alamofire;
		};
		395826262596D225007325AB /* SnapKit */ = {
			isa = XCSwiftPackageProductDependency;
			package = 395826252596D225007325AB /* XCRemoteSwiftPackageReference "SnapKit" */;
			productName = SnapKit;
		};
		39672DBB2598E803001D7E69 /* UITextView+Placeholder */ = {
			isa = XCSwiftPackageProductDependency;
			package = 39672DBA2598E803001D7E69 /* XCRemoteSwiftPackageReference "UITextView-Placeholder" */;
			productName = "UITextView+Placeholder";
		};
		3971EB0B259A682C0084E6DC /* RxKeyboard */ = {
			isa = XCSwiftPackageProductDependency;
			package = 3971EB0A259A682C0084E6DC /* XCRemoteSwiftPackageReference "RxKeyboard" */;
			productName = RxKeyboard;
		};
		39C832272597651F00236DDF /* RxRelay */ = {
			isa = XCSwiftPackageProductDependency;
			package = 39C832262597651F00236DDF /* XCRemoteSwiftPackageReference "RxSwift" */;
			productName = RxRelay;
		};
		39C832292597651F00236DDF /* RxSwift */ = {
			isa = XCSwiftPackageProductDependency;
			package = 39C832262597651F00236DDF /* XCRemoteSwiftPackageReference "RxSwift" */;
			productName = RxSwift;
		};
		39C8322B2597651F00236DDF /* RxCocoa */ = {
			isa = XCSwiftPackageProductDependency;
			package = 39C832262597651F00236DDF /* XCRemoteSwiftPackageReference "RxSwift" */;
			productName = RxCocoa;
		};
		39F4657C25977DB300621327 /* RxGesture */ = {
			isa = XCSwiftPackageProductDependency;
			package = 39F4657B25977DB300621327 /* XCRemoteSwiftPackageReference "RxGesture" */;
			productName = RxGesture;
		};
		39F465CB2597919700621327 /* RxOptional */ = {
			isa = XCSwiftPackageProductDependency;
			package = 39F465CA2597919700621327 /* XCRemoteSwiftPackageReference "RxOptional" */;
			productName = RxOptional;
		};
/* End XCSwiftPackageProductDependency section */
	};
	rootObject = 3958256F25948E41007325AB /* Project object */;
}
